
Microsoft Visual Studio Solution File, Format Version 12.00
# Visual Studio Version 17
VisualStudioVersion = 17.7.34024.191
MinimumVisualStudioVersion = 10.0.40219.1
Project("{FAE04EC0-301F-11D3-BF4B-00C04F79EFBC}") = "Tymakov5", "Tymakov5\Tymakov5.csproj", "{6AED271F-2091-445A-9399-50E57B6A3931}"
EndProject
Project("{FAE04EC0-301F-11D3-BF4B-00C04F79EFBC}") = "ZADACHI", "ZADACHI\ZADACHI.csproj", "{77ACE8EF-6536-46EE-9F96-60E598CFD72C}"
EndProject
Global
	GlobalSection(SolutionConfigurationPlatforms) = preSolution
		Debug|Any CPU = Debug|Any CPU
		Release|Any CPU = Release|Any CPU
	EndGlobalSection
	GlobalSection(ProjectConfigurationPlatforms) = postSolution
		{6AED271F-2091-445A-9399-50E57B6A3931}.Debug|Any CPU.ActiveCfg = Debug|Any CPU
		{6AED271F-2091-445A-9399-50E57B6A3931}.Debug|Any CPU.Build.0 = Debug|Any CPU
		{6AED271F-2091-445A-9399-50E57B6A3931}.Release|Any CPU.ActiveCfg = Release|Any CPU
		{6AED271F-2091-445A-9399-50E57B6A3931}.Release|Any CPU.Build.0 = Release|Any CPU
		{77ACE8EF-6536-46EE-9F96-60E598CFD72C}.Debug|Any CPU.ActiveCfg = Debug|Any CPU
		{77ACE8EF-6536-46EE-9F96-60E598CFD72C}.Debug|Any CPU.Build.0 = Debug|Any CPU
		{77ACE8EF-6536-46EE-9F96-60E598CFD72C}.Release|Any CPU.ActiveCfg = Release|Any CPU
		{77ACE8EF-6536-46EE-9F96-60E598CFD72C}.Release|Any CPU.Build.0 = Release|Any CPU
	EndGlobalSection
	GlobalSection(SolutionProperties) = preSolution
		HideSolutionNode = FALSE
	EndGlobalSection
	GlobalSection(ExtensibilityGlobals) = postSolution
		SolutionGuid = {E0D590BF-49C9-4C63-987C-603A9EDF5079}
	EndGlobalSection
EndGlobal
